# THIS IS AN AUTOGENERATED FILE. DO NOT EDIT THIS FILE DIRECTLY.
# yarn lockfile v1


dotenv@^8.2.0:
  version "8.2.0"
  resolved "https://registry.yarnpkg.com/dotenv/-/dotenv-8.2.0.tgz#97e619259ada750eea3e4ea3e26bceea5424b16a"
  integrity sha512-8sJ78ElpbDJBHNeBzUbUVLsqKdccaa/BXF1uPTw3GrvQTBgrQrtObr2mUrE38vzYd8cEv+m/JBfDLioYcfXoaw==

ping@^0.4.1:
  version "0.4.1"
  resolved "https://registry.yarnpkg.com/ping/-/ping-0.4.1.tgz#1436575a39baafe3ed2b76f6a116c51780f32299"
  integrity sha512-zYouogtyis0QpEZwWY1T26iuIOMJx+ajtjVMcPKIdWRq2Ie3Ftkbel8I25M5kCAQQMQhsez6ZbPiYjNe7aBjSQ==
  dependencies:
    q "1.x"
    underscore "^1.12.0"

q@1.x:
  version "1.5.1"
  resolved "https://registry.yarnpkg.com/q/-/q-1.5.1.tgz#7e32f75b41381291d04611f1bf14109ac00651d7"
  integrity sha1-fjL3W0E4EpHQRhHxvxQQmsAGUdc=

simple-json-db@^1.2.3:
  version "1.2.3"
  resolved "https://registry.yarnpkg.com/simple-json-db/-/simple-json-db-1.2.3.tgz#ea7256bbbb1205b4af079f9bed2611e33401bce7"
  integrity sha512-eL8u7YkcHidSaUvmolPooTPjxvMYd+IglSaxjnf13Tg1KQXcpoXlLOa38n4LillfQhgJuCgmUbCYERPl5fmY+w==

underscore@^1.12.0:
  version "1.13.1"
  resolved "https://registry.yarnpkg.com/underscore/-/underscore-1.13.1.tgz#0c1c6bd2df54b6b69f2314066d65b6cde6fcf9d1"
  integrity sha512-hzSoAVtJF+3ZtiFX0VgfFPHEDRm7Y/QPjGyNo4TVdnDTdft3tr8hEkD25a1jC+TjTuE7tkHGKkhwCgs9dgBB2g==

wakeonlan@^0.1.0:
  version "0.1.0"
  resolved "https://registry.yarnpkg.com/wakeonlan/-/wakeonlan-0.1.0.tgz#b79e73bba84d7d28d9a35795ef020b9eecc32a25"
  integrity sha1-t55zu6hNfSjZo1eV7wILnuzDKiU=

ws@^7.4.5:
  version "7.4.5"
  resolved "https://registry.yarnpkg.com/ws/-/ws-7.4.5.tgz#a484dd851e9beb6fdb420027e3885e8ce48986c1"
  integrity sha512-xzyu3hFvomRfXKH8vOFMU3OguG6oOvhXMo3xsGy3xWExqaM2dxBbVxuD99O7m3ZUFMvvscsZDqxfgMaRr/Nr1g==
